
Microsoft Visual Studio Solution File, Format Version 12.00
# Visual Studio Version 16
VisualStudioVersion = 16.0.30406.217
MinimumVisualStudioVersion = 10.0.40219.1
Project("{2150E333-8FDC-42A3-9474-1A3956D46DE8}") = "1 - API", "1 - API", "{5F664DCE-2259-441F-834E-E09273FBF9E4}"
EndProject
Project("{2150E333-8FDC-42A3-9474-1A3956D46DE8}") = "2 - Domain", "2 - Domain", "{52355D01-87DD-4D29-8064-92D4FD95AD81}"
EndProject
Project("{2150E333-8FDC-42A3-9474-1A3956D46DE8}") = "3 - Infrastructure", "3 - Infrastructure", "{708604D1-F4B5-475C-AFB5-18EBF0E09D29}"
EndProject
Project("{FAE04EC0-301F-11D3-BF4B-00C04F79EFBC}") = "Project.Domain", "Project.Domain\Project.Domain.csproj", "{0DF3B8F6-C5AB-4032-B16E-19AC4EA8C9A7}"
EndProject
Project("{FAE04EC0-301F-11D3-BF4B-00C04F79EFBC}") = "Project.Data", "Project.Data\Project.Data.csproj", "{7D1F510A-35D5-41AD-A2E6-7592DFC85D49}"
EndProject
Project("{FAE04EC0-301F-11D3-BF4B-00C04F79EFBC}") = "Project.API", "Project.API\Project.API.csproj", "{51C23824-E441-4A77-B36E-A949D10A712D}"
EndProject
Global
	GlobalSection(SolutionConfigurationPlatforms) = preSolution
		Debug|Any CPU = Debug|Any CPU
		Release|Any CPU = Release|Any CPU
	EndGlobalSection
	GlobalSection(ProjectConfigurationPlatforms) = postSolution
		{0DF3B8F6-C5AB-4032-B16E-19AC4EA8C9A7}.Debug|Any CPU.ActiveCfg = Debug|Any CPU
		{0DF3B8F6-C5AB-4032-B16E-19AC4EA8C9A7}.Debug|Any CPU.Build.0 = Debug|Any CPU
		{0DF3B8F6-C5AB-4032-B16E-19AC4EA8C9A7}.Release|Any CPU.ActiveCfg = Release|Any CPU
		{0DF3B8F6-C5AB-4032-B16E-19AC4EA8C9A7}.Release|Any CPU.Build.0 = Release|Any CPU
		{7D1F510A-35D5-41AD-A2E6-7592DFC85D49}.Debug|Any CPU.ActiveCfg = Debug|Any CPU
		{7D1F510A-35D5-41AD-A2E6-7592DFC85D49}.Debug|Any CPU.Build.0 = Debug|Any CPU
		{7D1F510A-35D5-41AD-A2E6-7592DFC85D49}.Release|Any CPU.ActiveCfg = Release|Any CPU
		{7D1F510A-35D5-41AD-A2E6-7592DFC85D49}.Release|Any CPU.Build.0 = Release|Any CPU
		{51C23824-E441-4A77-B36E-A949D10A712D}.Debug|Any CPU.ActiveCfg = Debug|Any CPU
		{51C23824-E441-4A77-B36E-A949D10A712D}.Debug|Any CPU.Build.0 = Debug|Any CPU
		{51C23824-E441-4A77-B36E-A949D10A712D}.Release|Any CPU.ActiveCfg = Release|Any CPU
		{51C23824-E441-4A77-B36E-A949D10A712D}.Release|Any CPU.Build.0 = Release|Any CPU
	EndGlobalSection
	GlobalSection(SolutionProperties) = preSolution
		HideSolutionNode = FALSE
	EndGlobalSection
	GlobalSection(NestedProjects) = preSolution
		{0DF3B8F6-C5AB-4032-B16E-19AC4EA8C9A7} = {52355D01-87DD-4D29-8064-92D4FD95AD81}
		{7D1F510A-35D5-41AD-A2E6-7592DFC85D49} = {708604D1-F4B5-475C-AFB5-18EBF0E09D29}
		{51C23824-E441-4A77-B36E-A949D10A712D} = {5F664DCE-2259-441F-834E-E09273FBF9E4}
	EndGlobalSection
	GlobalSection(ExtensibilityGlobals) = postSolution
		SolutionGuid = {1F4E4F68-A447-4DB2-8951-A4D4A5226869}
	EndGlobalSection
EndGlobal
